
Microsoft Visual Studio Solution File, Format Version 12.00
# Visual Studio 15
VisualStudioVersion = 15.0.28307.757
MinimumVisualStudioVersion = 10.0.40219.1
Project("{FAE04EC0-301F-11D3-BF4B-00C04F79EFBC}") = "MyWpfGACAppExe", "MyWpfGACAppExe\MyWpfGACAppExe.csproj", "{77D39D58-C202-46FB-8097-3A0CF60D061C}"
EndProject
Project("{FAE04EC0-301F-11D3-BF4B-00C04F79EFBC}") = "MyWpfUserControlGACDll", "MyWpfUserControlGACDll\MyWpfUserControlGACDll.csproj", "{5E2A1515-54BD-4666-8B21-C01B6CAEFA86}"
EndProject
Global
	GlobalSection(SolutionConfigurationPlatforms) = preSolution
		Debug|Any CPU = Debug|Any CPU
		Release|Any CPU = Release|Any CPU
	EndGlobalSection
	GlobalSection(ProjectConfigurationPlatforms) = postSolution
		{77D39D58-C202-46FB-8097-3A0CF60D061C}.Debug|Any CPU.ActiveCfg = Debug|Any CPU
		{77D39D58-C202-46FB-8097-3A0CF60D061C}.Debug|Any CPU.Build.0 = Debug|Any CPU
		{77D39D58-C202-46FB-8097-3A0CF60D061C}.Release|Any CPU.ActiveCfg = Release|Any CPU
		{77D39D58-C202-46FB-8097-3A0CF60D061C}.Release|Any CPU.Build.0 = Release|Any CPU
		{5E2A1515-54BD-4666-8B21-C01B6CAEFA86}.Debug|Any CPU.ActiveCfg = Debug|Any CPU
		{5E2A1515-54BD-4666-8B21-C01B6CAEFA86}.Debug|Any CPU.Build.0 = Debug|Any CPU
		{5E2A1515-54BD-4666-8B21-C01B6CAEFA86}.Release|Any CPU.ActiveCfg = Release|Any CPU
		{5E2A1515-54BD-4666-8B21-C01B6CAEFA86}.Release|Any CPU.Build.0 = Release|Any CPU
	EndGlobalSection
	GlobalSection(SolutionProperties) = preSolution
		HideSolutionNode = FALSE
	EndGlobalSection
	GlobalSection(ExtensibilityGlobals) = postSolution
		SolutionGuid = {647D03BB-2787-47C1-B3AB-496B7118E2E8}
	EndGlobalSection
EndGlobal
